
Microsoft Visual Studio Solution File, Format Version 12.00
# Visual Studio Version 17
VisualStudioVersion = 17.1.32421.90
MinimumVisualStudioVersion = 10.0.40219.1
Project("{FAE04EC0-301F-11D3-BF4B-00C04F79EFBC}") = "MiniERP.API", "MiniERP.API\MiniERP.API.csproj", "{B277C64A-D097-4615-AA8D-B42B204459EC}"
EndProject
Global
	GlobalSection(SolutionConfigurationPlatforms) = preSolution
		Debug|Any CPU = Debug|Any CPU
		Release|Any CPU = Release|Any CPU
	EndGlobalSection
	GlobalSection(ProjectConfigurationPlatforms) = postSolution
		{B277C64A-D097-4615-AA8D-B42B204459EC}.Debug|Any CPU.ActiveCfg = Debug|Any CPU
		{B277C64A-D097-4615-AA8D-B42B204459EC}.Debug|Any CPU.Build.0 = Debug|Any CPU
		{B277C64A-D097-4615-AA8D-B42B204459EC}.Release|Any CPU.ActiveCfg = Release|Any CPU
		{B277C64A-D097-4615-AA8D-B42B204459EC}.Release|Any CPU.Build.0 = Release|Any CPU
	EndGlobalSection
	GlobalSection(SolutionProperties) = preSolution
		HideSolutionNode = FALSE
	EndGlobalSection
	GlobalSection(ExtensibilityGlobals) = postSolution
		SolutionGuid = {A537E6F8-3A8D-46DB-A8BE-049924BF9985}
	EndGlobalSection
EndGlobal
